
Microsoft Visual Studio Solution File, Format Version 12.00
# Visual Studio Version 16
VisualStudioVersion = 16.0.31205.134
MinimumVisualStudioVersion = 10.0.40219.1
Project("{FAE04EC0-301F-11D3-BF4B-00C04F79EFBC}") = "LoadBalancerService", "LoadBalancerService\LoadBalancerService.csproj", "{8AB834AC-FE4A-4F94-817C-6E2EAF49F946}"
EndProject
Global
	GlobalSection(SolutionConfigurationPlatforms) = preSolution
		Debug|Any CPU = Debug|Any CPU
		Release|Any CPU = Release|Any CPU
	EndGlobalSection
	GlobalSection(ProjectConfigurationPlatforms) = postSolution
		{8AB834AC-FE4A-4F94-817C-6E2EAF49F946}.Debug|Any CPU.ActiveCfg = Debug|Any CPU
		{8AB834AC-FE4A-4F94-817C-6E2EAF49F946}.Debug|Any CPU.Build.0 = Debug|Any CPU
		{8AB834AC-FE4A-4F94-817C-6E2EAF49F946}.Release|Any CPU.ActiveCfg = Release|Any CPU
		{8AB834AC-FE4A-4F94-817C-6E2EAF49F946}.Release|Any CPU.Build.0 = Release|Any CPU
	EndGlobalSection
	GlobalSection(SolutionProperties) = preSolution
		HideSolutionNode = FALSE
	EndGlobalSection
	GlobalSection(ExtensibilityGlobals) = postSolution
		SolutionGuid = {D95CC102-57BB-423E-AF20-A652CDABD185}
	EndGlobalSection
EndGlobal
